
Microsoft Visual Studio Solution File, Format Version 12.00
# Visual Studio 14
VisualStudioVersion = 14.0.25420.1
MinimumVisualStudioVersion = 10.0.40219.1
Project("{FAE04EC0-301F-11D3-BF4B-00C04F79EFBC}") = "Entrainement", "Entrainement\Entrainement.csproj", "{F1AEA44D-39A6-44F7-9A8C-A7CC418B53EA}"
EndProject
Project("{FAE04EC0-301F-11D3-BF4B-00C04F79EFBC}") = "Calcul du PGCD", "Calcul du PGCD\Calcul du PGCD.csproj", "{AF8163C8-F49B-4945-8CCA-EC1F7F8381E5}"
EndProject
Project("{FAE04EC0-301F-11D3-BF4B-00C04F79EFBC}") = "Nombres premiers", "Nombres premiers\Nombres premiers.csproj", "{E6F4AF93-544A-4AA5-B43F-47158A66765F}"
EndProject
Project("{FAE04EC0-301F-11D3-BF4B-00C04F79EFBC}") = "NombresPremierCorrection", "Nombres premier Correction\NombresPremierCorrection.csproj", "{F8772905-6FC8-45CF-945F-B1FCF2BC38EB}"
EndProject
Project("{FAE04EC0-301F-11D3-BF4B-00C04F79EFBC}") = "trier un tableau", "trier un tableau\trier un tableau.csproj", "{F738D8F4-9C1C-4C80-8CE2-7EF1FC617B3D}"
EndProject
Project("{FAE04EC0-301F-11D3-BF4B-00C04F79EFBC}") = "TriTableau_correction", "TriTableau_correction\TriTableau_correction.csproj", "{9FA2E797-CB5A-43CA-89B2-D94183850E2A}"
EndProject
Project("{FAE04EC0-301F-11D3-BF4B-00C04F79EFBC}") = "Compter Voyelles Consonnes", "Trie Voyelles Consonnes\Compter Voyelles Consonnes.csproj", "{55218F5D-3E45-4438-B2DF-2C6DA011AB67}"
EndProject
Project("{FAE04EC0-301F-11D3-BF4B-00C04F79EFBC}") = "compter Voyelles consonnes correction", "compter Voyelles consonnes correction\compter Voyelles consonnes correction.csproj", "{C90E2FC1-034F-4BB6-87CD-39B248BBA2ED}"
EndProject
Project("{FAE04EC0-301F-11D3-BF4B-00C04F79EFBC}") = "Login", "Login\Login.csproj", "{9429B786-EABF-4900-B74B-DD61417A6183}"
EndProject
Project("{FAE04EC0-301F-11D3-BF4B-00C04F79EFBC}") = "POO compte banque", "Programmation Objet compte banque\POO compte banque.csproj", "{EEC707DC-5937-400E-8555-725BA63CC4B2}"
EndProject
Project("{FAE04EC0-301F-11D3-BF4B-00C04F79EFBC}") = "Boite", "Boite\Boite.csproj", "{54299DDD-C858-4452-AA3F-0D89042142E0}"
EndProject
Global
	GlobalSection(SolutionConfigurationPlatforms) = preSolution
		Debug|Any CPU = Debug|Any CPU
		Release|Any CPU = Release|Any CPU
	EndGlobalSection
	GlobalSection(ProjectConfigurationPlatforms) = postSolution
		{F1AEA44D-39A6-44F7-9A8C-A7CC418B53EA}.Debug|Any CPU.ActiveCfg = Debug|Any CPU
		{F1AEA44D-39A6-44F7-9A8C-A7CC418B53EA}.Debug|Any CPU.Build.0 = Debug|Any CPU
		{F1AEA44D-39A6-44F7-9A8C-A7CC418B53EA}.Release|Any CPU.ActiveCfg = Release|Any CPU
		{F1AEA44D-39A6-44F7-9A8C-A7CC418B53EA}.Release|Any CPU.Build.0 = Release|Any CPU
		{AF8163C8-F49B-4945-8CCA-EC1F7F8381E5}.Debug|Any CPU.ActiveCfg = Debug|Any CPU
		{AF8163C8-F49B-4945-8CCA-EC1F7F8381E5}.Debug|Any CPU.Build.0 = Debug|Any CPU
		{AF8163C8-F49B-4945-8CCA-EC1F7F8381E5}.Release|Any CPU.ActiveCfg = Release|Any CPU
		{AF8163C8-F49B-4945-8CCA-EC1F7F8381E5}.Release|Any CPU.Build.0 = Release|Any CPU
		{E6F4AF93-544A-4AA5-B43F-47158A66765F}.Debug|Any CPU.ActiveCfg = Debug|Any CPU
		{E6F4AF93-544A-4AA5-B43F-47158A66765F}.Debug|Any CPU.Build.0 = Debug|Any CPU
		{E6F4AF93-544A-4AA5-B43F-47158A66765F}.Release|Any CPU.ActiveCfg = Release|Any CPU
		{E6F4AF93-544A-4AA5-B43F-47158A66765F}.Release|Any CPU.Build.0 = Release|Any CPU
		{F8772905-6FC8-45CF-945F-B1FCF2BC38EB}.Debug|Any CPU.ActiveCfg = Debug|Any CPU
		{F8772905-6FC8-45CF-945F-B1FCF2BC38EB}.Debug|Any CPU.Build.0 = Debug|Any CPU
		{F8772905-6FC8-45CF-945F-B1FCF2BC38EB}.Release|Any CPU.ActiveCfg = Release|Any CPU
		{F8772905-6FC8-45CF-945F-B1FCF2BC38EB}.Release|Any CPU.Build.0 = Release|Any CPU
		{F738D8F4-9C1C-4C80-8CE2-7EF1FC617B3D}.Debug|Any CPU.ActiveCfg = Debug|Any CPU
		{F738D8F4-9C1C-4C80-8CE2-7EF1FC617B3D}.Debug|Any CPU.Build.0 = Debug|Any CPU
		{F738D8F4-9C1C-4C80-8CE2-7EF1FC617B3D}.Release|Any CPU.ActiveCfg = Release|Any CPU
		{F738D8F4-9C1C-4C80-8CE2-7EF1FC617B3D}.Release|Any CPU.Build.0 = Release|Any CPU
		{9FA2E797-CB5A-43CA-89B2-D94183850E2A}.Debug|Any CPU.ActiveCfg = Debug|Any CPU
		{9FA2E797-CB5A-43CA-89B2-D94183850E2A}.Debug|Any CPU.Build.0 = Debug|Any CPU
		{9FA2E797-CB5A-43CA-89B2-D94183850E2A}.Release|Any CPU.ActiveCfg = Release|Any CPU
		{9FA2E797-CB5A-43CA-89B2-D94183850E2A}.Release|Any CPU.Build.0 = Release|Any CPU
		{55218F5D-3E45-4438-B2DF-2C6DA011AB67}.Debug|Any CPU.ActiveCfg = Debug|Any CPU
		{55218F5D-3E45-4438-B2DF-2C6DA011AB67}.Debug|Any CPU.Build.0 = Debug|Any CPU
		{55218F5D-3E45-4438-B2DF-2C6DA011AB67}.Release|Any CPU.ActiveCfg = Release|Any CPU
		{55218F5D-3E45-4438-B2DF-2C6DA011AB67}.Release|Any CPU.Build.0 = Release|Any CPU
		{C90E2FC1-034F-4BB6-87CD-39B248BBA2ED}.Debug|Any CPU.ActiveCfg = Debug|Any CPU
		{C90E2FC1-034F-4BB6-87CD-39B248BBA2ED}.Debug|Any CPU.Build.0 = Debug|Any CPU
		{C90E2FC1-034F-4BB6-87CD-39B248BBA2ED}.Release|Any CPU.ActiveCfg = Release|Any CPU
		{C90E2FC1-034F-4BB6-87CD-39B248BBA2ED}.Release|Any CPU.Build.0 = Release|Any CPU
		{9429B786-EABF-4900-B74B-DD61417A6183}.Debug|Any CPU.ActiveCfg = Debug|Any CPU
		{9429B786-EABF-4900-B74B-DD61417A6183}.Debug|Any CPU.Build.0 = Debug|Any CPU
		{9429B786-EABF-4900-B74B-DD61417A6183}.Release|Any CPU.ActiveCfg = Release|Any CPU
		{9429B786-EABF-4900-B74B-DD61417A6183}.Release|Any CPU.Build.0 = Release|Any CPU
		{EEC707DC-5937-400E-8555-725BA63CC4B2}.Debug|Any CPU.ActiveCfg = Debug|Any CPU
		{EEC707DC-5937-400E-8555-725BA63CC4B2}.Debug|Any CPU.Build.0 = Debug|Any CPU
		{EEC707DC-5937-400E-8555-725BA63CC4B2}.Release|Any CPU.ActiveCfg = Release|Any CPU
		{EEC707DC-5937-400E-8555-725BA63CC4B2}.Release|Any CPU.Build.0 = Release|Any CPU
		{54299DDD-C858-4452-AA3F-0D89042142E0}.Debug|Any CPU.ActiveCfg = Debug|Any CPU
		{54299DDD-C858-4452-AA3F-0D89042142E0}.Debug|Any CPU.Build.0 = Debug|Any CPU
		{54299DDD-C858-4452-AA3F-0D89042142E0}.Release|Any CPU.ActiveCfg = Release|Any CPU
		{54299DDD-C858-4452-AA3F-0D89042142E0}.Release|Any CPU.Build.0 = Release|Any CPU
	EndGlobalSection
	GlobalSection(SolutionProperties) = preSolution
		HideSolutionNode = FALSE
	EndGlobalSection
EndGlobal
